Microsoft Visual Studio Solution File, Format Version 12.00
# Visual Studio 2012
Project("{FAE04EC0-301F-11D3-BF4B-00C04F79EFBC}") = "GN3", "GN3.csproj", "{91A7067A-25D2-49B8-BF5F-7BA32E4D5CC5}"
EndProject
Global
	GlobalSection(SolutionConfigurationPlatforms) = preSolution
	Debug|Any CPU = Debug|Any CPU
	Release|Any CPU = Release|Any CPU
	Tools|Any CPU = Tools|Any CPU
	EndGlobalSection
	GlobalSection(ProjectConfigurationPlatforms) = postSolution
		{91A7067A-25D2-49B8-BF5F-7BA32E4D5CC5}.Debug|Any CPU.ActiveCfg = Debug|Any CPU
		{91A7067A-25D2-49B8-BF5F-7BA32E4D5CC5}.Debug|Any CPU.Build.0 = Debug|Any CPU
		{91A7067A-25D2-49B8-BF5F-7BA32E4D5CC5}.Release|Any CPU.ActiveCfg = Release|Any CPU
		{91A7067A-25D2-49B8-BF5F-7BA32E4D5CC5}.Release|Any CPU.Build.0 = Release|Any CPU
		{91A7067A-25D2-49B8-BF5F-7BA32E4D5CC5}.Tools|Any CPU.ActiveCfg = Tools|Any CPU
		{91A7067A-25D2-49B8-BF5F-7BA32E4D5CC5}.Tools|Any CPU.Build.0 = Tools|Any CPU
	EndGlobalSection
EndGlobal
